Microsoft Visual Studio Solution File, Format Version 10.00
# Visual Studio 2008
Project("{8BC9CEB8-8B4A-11D0-8D11-00A0C91BC942}") = "Launch", "Launch\Launch.vcproj", "{16980266-AD39-4264-844E-8F339FA52972}"
EndProject
Global
	GlobalSection(SolutionConfigurationPlatforms) = preSolution
		Debug|Win32 = Debug|Win32
		Release|Win32 = Release|Win32
	EndGlobalSection
	GlobalSection(ProjectConfigurationPlatforms) = postSolution
		{16980266-AD39-4264-844E-8F339FA52972}.Debug|Win32.ActiveCfg = Debug|Win32
		{16980266-AD39-4264-844E-8F339FA52972}.Debug|Win32.Build.0 = Debug|Win32
		{16980266-AD39-4264-844E-8F339FA52972}.Release|Win32.ActiveCfg = Release|Win32
		{16980266-AD39-4264-844E-8F339FA52972}.Release|Win32.Build.0 = Release|Win32
	EndGlobalSection
	GlobalSection(SolutionProperties) = preSolution
		HideSolutionNode = FALSE
	EndGlobalSection
EndGlobal
