Microsoft Visual Studio Solution File, Format Version 10.00
# Visual Studio 2008
Project("{8BC9CEB8-8B4A-11D0-8D11-00A0C91BC942}") = "tConfig", "tConfig.vcproj", "{400B8ABB-E03B-4024-8DC2-3F25230AE23A}"
	ProjectSection(ProjectDependencies) = postProject
		{CDD3618E-A112-4A69-B07F-EB735FABB5E1} = {CDD3618E-A112-4A69-B07F-EB735FABB5E1}
	EndProjectSection
EndProject
Project("{8BC9CEB8-8B4A-11D0-8D11-00A0C91BC942}") = "AXP_MD", "..\..\AxFilePack\AXP\AXP_MD.vcproj", "{CDD3618E-A112-4A69-B07F-EB735FABB5E1}"
EndProject
Global
	GlobalSection(SolutionConfigurationPlatforms) = preSolution
		Debug|Win32 = Debug|Win32
		Release|Win32 = Release|Win32
	EndGlobalSection
	GlobalSection(ProjectConfigurationPlatforms) = postSolution
		{400B8ABB-E03B-4024-8DC2-3F25230AE23A}.Debug|Win32.ActiveCfg = Debug|Win32
		{400B8ABB-E03B-4024-8DC2-3F25230AE23A}.Debug|Win32.Build.0 = Debug|Win32
		{400B8ABB-E03B-4024-8DC2-3F25230AE23A}.Release|Win32.ActiveCfg = Release|Win32
		{400B8ABB-E03B-4024-8DC2-3F25230AE23A}.Release|Win32.Build.0 = Release|Win32
		{CDD3618E-A112-4A69-B07F-EB735FABB5E1}.Debug|Win32.ActiveCfg = Debug|Win32
		{CDD3618E-A112-4A69-B07F-EB735FABB5E1}.Debug|Win32.Build.0 = Debug|Win32
		{CDD3618E-A112-4A69-B07F-EB735FABB5E1}.Release|Win32.ActiveCfg = Release|Win32
		{CDD3618E-A112-4A69-B07F-EB735FABB5E1}.Release|Win32.Build.0 = Release|Win32
	EndGlobalSection
	GlobalSection(SolutionProperties) = preSolution
		HideSolutionNode = FALSE
	EndGlobalSection
EndGlobal
